
Microsoft Visual Studio Solution File, Format Version 12.00
# Visual Studio Version 16
VisualStudioVersion = 16.0.30204.135
MinimumVisualStudioVersion = 10.0.40219.1
Project("{FAE04EC0-301F-11D3-BF4B-00C04F79EFBC}") = "FtpFileDialog", "src\FtpFileDialog\FtpFileDialog.csproj", "{C6122999-CB33-464B-9D10-86FFAB7B09F9}"
EndProject
Global
	GlobalSection(SolutionConfigurationPlatforms) = preSolution
		Debug|Any CPU = Debug|Any CPU
		Release|Any CPU = Release|Any CPU
	EndGlobalSection
	GlobalSection(ProjectConfigurationPlatforms) = postSolution
		{C6122999-CB33-464B-9D10-86FFAB7B09F9}.Debug|Any CPU.ActiveCfg = Debug|Any CPU
		{C6122999-CB33-464B-9D10-86FFAB7B09F9}.Debug|Any CPU.Build.0 = Debug|Any CPU
		{C6122999-CB33-464B-9D10-86FFAB7B09F9}.Release|Any CPU.ActiveCfg = Release|Any CPU
		{C6122999-CB33-464B-9D10-86FFAB7B09F9}.Release|Any CPU.Build.0 = Release|Any CPU
	EndGlobalSection
	GlobalSection(SolutionProperties) = preSolution
		HideSolutionNode = FALSE
	EndGlobalSection
	GlobalSection(ExtensibilityGlobals) = postSolution
		SolutionGuid = {2E6C29F3-478C-4936-AC39-13A52A63465B}
	EndGlobalSection
EndGlobal
